
Microsoft Visual Studio Solution File, Format Version 12.00
# Visual Studio Version 16
VisualStudioVersion = 16.0.30621.155
MinimumVisualStudioVersion = 10.0.40219.1
Project("{9A19103F-16F7-4668-BE54-9A1E7A4F7556}") = "BuyFromFarmers", "BuyFromFarmers.csproj", "{1F12EE5A-CF0D-426F-9331-B0E0B3ECDDF2}"
EndProject
Global
	GlobalSection(SolutionConfigurationPlatforms) = preSolution
		Debug|Any CPU = Debug|Any CPU
		Release|Any CPU = Release|Any CPU
	EndGlobalSection
	GlobalSection(ProjectConfigurationPlatforms) = postSolution
		{1F12EE5A-CF0D-426F-9331-B0E0B3ECDDF2}.Debug|Any CPU.ActiveCfg = Debug|Any CPU
		{1F12EE5A-CF0D-426F-9331-B0E0B3ECDDF2}.Debug|Any CPU.Build.0 = Debug|Any CPU
		{1F12EE5A-CF0D-426F-9331-B0E0B3ECDDF2}.Release|Any CPU.ActiveCfg = Release|Any CPU
		{1F12EE5A-CF0D-426F-9331-B0E0B3ECDDF2}.Release|Any CPU.Build.0 = Release|Any CPU
	EndGlobalSection
	GlobalSection(SolutionProperties) = preSolution
		HideSolutionNode = FALSE
	EndGlobalSection
	GlobalSection(NestedProjects) = preSolution
	EndGlobalSection
	GlobalSection(ExtensibilityGlobals) = postSolution
		SolutionGuid = {E484AD76-004D-4881-8DE3-87E7036FDF79}
	EndGlobalSection
EndGlobal
